// !$*UTF8*$!
{
	archiveVersion = 1;
	classes = {
	};
	objectVersion = 56;
	objects = {

/* Begin PBXBuildFile section */
		2D1C9D3629EA721100BE0781 /* Turf in Frameworks */ = {isa = PBXBuildFile; productRef = 2D1C9D3529EA721100BE0781 /* Turf */; };
		2D1C9D3829EA72E700BE0781 /* N02-20_Station.geojson in Resources */ = {isa = PBXBuildFile; fileRef = 2D1C9D3729EA72E700BE0781 /* N02-20_Station.geojson */; };
		2D1C9D3A29EA75D200BE0781 /* LocationManager.swift in Sources */ = {isa = PBXBuildFile; fileRef = 2D1C9D3929EA75D200BE0781 /* LocationManager.swift */; };
		2D1C9D4129EBBB1D00BE0781 /* Feature+Extensions.swift in Sources */ = {isa = PBXBuildFile; fileRef = 2D1C9D4029EBBB1D00BE0781 /* Feature+Extensions.swift */; };
		2D27714929F3B60E009855F7 /* RailfinderApp.swift in Sources */ = {isa = PBXBuildFile; fileRef = 2D27714829F3B60E009855F7 /* RailfinderApp.swift */; };
		2D27714B29F3B60E009855F7 /* ContentView.swift in Sources */ = {isa = PBXBuildFile; fileRef = 2D27714A29F3B60E009855F7 /* ContentView.swift */; };
		2D27714D29F3B60F009855F7 /* Assets.xcassets in Resources */ = {isa = PBXBuildFile; fileRef = 2D27714C29F3B60F009855F7 /* Assets.xcassets */; };
		2D27715029F3B60F009855F7 /* Preview Assets.xcassets in Resources */ = {isa = PBXBuildFile; fileRef = 2D27714F29F3B60F009855F7 /* Preview Assets.xcassets */; };
		2D27715A29F3B60F009855F7 /* Railfinder_Watch_AppTests.swift in Sources */ = {isa = PBXBuildFile; fileRef = 2D27715929F3B60F009855F7 /* Railfinder_Watch_AppTests.swift */; };
		2D27716429F3B60F009855F7 /* Railfinder_Watch_AppUITests.swift in Sources */ = {isa = PBXBuildFile; fileRef = 2D27716329F3B60F009855F7 /* Railfinder_Watch_AppUITests.swift */; };
		2D27716629F3B60F009855F7 /* Railfinder_Watch_AppUITestsLaunchTests.swift in Sources */ = {isa = PBXBuildFile; fileRef = 2D27716529F3B60F009855F7 /* Railfinder_Watch_AppUITestsLaunchTests.swift */; };
		2D27716929F3B60F009855F7 /* Railfinder Watch App.app in Embed Watch Content */ = {isa = PBXBuildFile; fileRef = 2D27714629F3B60E009855F7 /* Railfinder Watch App.app */; settings = {ATTRIBUTES = (RemoveHeadersOnCopy, ); }; };
		2D27717329F3C360009855F7 /* NearestStationView.swift in Sources */ = {isa = PBXBuildFile; fileRef = 2DFE346129E763C800E07E52 /* NearestStationView.swift */; };
		2D27717429F3C365009855F7 /* Feature+Extensions.swift in Sources */ = {isa = PBXBuildFile; fileRef = 2D1C9D4029EBBB1D00BE0781 /* Feature+Extensions.swift */; };
		2D27717529F3C369009855F7 /* LocationManager.swift in Sources */ = {isa = PBXBuildFile; fileRef = 2D1C9D3929EA75D200BE0781 /* LocationManager.swift */; };
		2D27717629F3C36E009855F7 /* N02-20_Station.geojson in Resources */ = {isa = PBXBuildFile; fileRef = 2D1C9D3729EA72E700BE0781 /* N02-20_Station.geojson */; };
		2D27717829F3C387009855F7 /* Turf in Frameworks */ = {isa = PBXBuildFile; productRef = 2D27717729F3C387009855F7 /* Turf */; };
		2D85F60A29E6147100CB5880 /* RailFinderApp.swift in Sources */ = {isa = PBXBuildFile; fileRef = 2D85F60929E6147100CB5880 /* RailFinderApp.swift */; };
		2D85F60E29E6147100CB5880 /* Assets.xcassets in Resources */ = {isa = PBXBuildFile; fileRef = 2D85F60D29E6147100CB5880 /* Assets.xcassets */; };
		2D85F61129E6147100CB5880 /* Preview Assets.xcassets in Resources */ = {isa = PBXBuildFile; fileRef = 2D85F61029E6147100CB5880 /* Preview Assets.xcassets */; };
		2D85F61B29E6147100CB5880 /* RailFinderTests.swift in Sources */ = {isa = PBXBuildFile; fileRef = 2D85F61A29E6147100CB5880 /* RailFinderTests.swift */; };
		2D85F62529E6147100CB5880 /* RailFinderUITests.swift in Sources */ = {isa = PBXBuildFile; fileRef = 2D85F62429E6147100CB5880 /* RailFinderUITests.swift */; };
		2D85F62729E6147100CB5880 /* RailFinderUITestsLaunchTests.swift in Sources */ = {isa = PBXBuildFile; fileRef = 2D85F62629E6147100CB5880 /* RailFinderUITestsLaunchTests.swift */; };
		2DFE346229E763C800E07E52 /* NearestStationView.swift in Sources */ = {isa = PBXBuildFile; fileRef = 2DFE346129E763C800E07E52 /* NearestStationView.swift */; };
/* End PBXBuildFile section */

/* Begin PBXContainerItemProxy section */
		2D27715629F3B60F009855F7 /* PBXContainerItemProxy */ = {
			isa = PBXContainerItemProxy;
			containerPortal = 2D85F5FE29E6147100CB5880 /* Project object */;
			proxyType = 1;
			remoteGlobalIDString = 2D27714529F3B60E009855F7;
			remoteInfo = "Railfinder Watch App";
		};
		2D27716029F3B60F009855F7 /* PBXContainerItemProxy */ = {
			isa = PBXContainerItemProxy;
			containerPortal = 2D85F5FE29E6147100CB5880 /* Project object */;
			proxyType = 1;
			remoteGlobalIDString = 2D27714529F3B60E009855F7;
			remoteInfo = "Railfinder Watch App";
		};
		2D27716729F3B60F009855F7 /* PBXContainerItemProxy */ = {
			isa = PBXContainerItemProxy;
			containerPortal = 2D85F5FE29E6147100CB5880 /* Project object */;
			proxyType = 1;
			remoteGlobalIDString = 2D27714529F3B60E009855F7;
			remoteInfo = "Railfinder Watch App";
		};
		2D85F61729E6147100CB5880 /* PBXContainerItemProxy */ = {
			isa = PBXContainerItemProxy;
			containerPortal = 2D85F5FE29E6147100CB5880 /* Project object */;
			proxyType = 1;
			remoteGlobalIDString = 2D85F60529E6147100CB5880;
			remoteInfo = RailFinder;
		};
		2D85F62129E6147100CB5880 /* PBXContainerItemProxy */ = {
			isa = PBXContainerItemProxy;
			containerPortal = 2D85F5FE29E6147100CB5880 /* Project object */;
			proxyType = 1;
			remoteGlobalIDString = 2D85F60529E6147100CB5880;
			remoteInfo = RailFinder;
		};
/* End PBXContainerItemProxy section */

/* Begin PBXCopyFilesBuildPhase section */
		2DD1849329EDFB0600F55104 /* Embed Watch Content */ = {
			isa = PBXCopyFilesBuildPhase;
			buildActionMask = 2147483647;
			dstPath = "$(CONTENTS_FOLDER_PATH)/Watch";
			dstSubfolderSpec = 16;
			files = (
				2D27716929F3B60F009855F7 /* Railfinder Watch App.app in Embed Watch Content */,
			);
			name = "Embed Watch Content";
			runOnlyForDeploymentPostprocessing = 0;
		};
/* End PBXCopyFilesBuildPhase section */

/* Begin PBXFileReference section */
		2D1C9D3729EA72E700BE0781 /* N02-20_Station.geojson */ = {isa = PBXFileReference; fileEncoding = 4; lastKnownFileType = text; path = "N02-20_Station.geojson"; sourceTree = "<group>"; };
		2D1C9D3929EA75D200BE0781 /* LocationManager.swift */ = {isa = PBXFileReference; lastKnownFileType = sourcecode.swift; path = LocationManager.swift; sourceTree = "<group>"; };
		2D1C9D4029EBBB1D00BE0781 /* Feature+Extensions.swift */ = {isa = PBXFileReference; lastKnownFileType = sourcecode.swift; path = "Feature+Extensions.swift"; sourceTree = "<group>"; };
		2D27714629F3B60E009855F7 /* Railfinder Watch App.app */ = {isa = PBXFileReference; explicitFileType = wrapper.application; includeInIndex = 0; path = "Railfinder Watch App.app"; sourceTree = BUILT_PRODUCTS_DIR; };
		2D27714829F3B60E009855F7 /* RailfinderApp.swift */ = {isa = PBXFileReference; lastKnownFileType = sourcecode.swift; path = RailfinderApp.swift; sourceTree = "<group>"; };
		2D27714A29F3B60E009855F7 /* ContentView.swift */ = {isa = PBXFileReference; lastKnownFileType = sourcecode.swift; path = ContentView.swift; sourceTree = "<group>"; };
		2D27714C29F3B60F009855F7 /* Assets.xcassets */ = {isa = PBXFileReference; lastKnownFileType = folder.assetcatalog; path = Assets.xcassets; sourceTree = "<group>"; };
		2D27714F29F3B60F009855F7 /* Preview Assets.xcassets */ = {isa = PBXFileReference; lastKnownFileType = folder.assetcatalog; path = "Preview Assets.xcassets"; sourceTree = "<group>"; };
		2D27715529F3B60F009855F7 /* Railfinder Watch AppTests.xctest */ = {isa = PBXFileReference; explicitFileType = wrapper.cfbundle; includeInIndex = 0; path = "Railfinder Watch AppTests.xctest"; sourceTree = BUILT_PRODUCTS_DIR; };
		2D27715929F3B60F009855F7 /* Railfinder_Watch_AppTests.swift */ = {isa = PBXFileReference; lastKnownFileType = sourcecode.swift; path = Railfinder_Watch_AppTests.swift; sourceTree = "<group>"; };
		2D27715F29F3B60F009855F7 /* Railfinder Watch AppUITests.xctest */ = {isa = PBXFileReference; explicitFileType = wrapper.cfbundle; includeInIndex = 0; path = "Railfinder Watch AppUITests.xctest"; sourceTree = BUILT_PRODUCTS_DIR; };
		2D27716329F3B60F009855F7 /* Railfinder_Watch_AppUITests.swift */ = {isa = PBXFileReference; lastKnownFileType = sourcecode.swift; path = Railfinder_Watch_AppUITests.swift; sourceTree = "<group>"; };
		2D27716529F3B60F009855F7 /* Railfinder_Watch_AppUITestsLaunchTests.swift */ = {isa = PBXFileReference; lastKnownFileType = sourcecode.swift; path = Railfinder_Watch_AppUITestsLaunchTests.swift; sourceTree = "<group>"; };
		2D85F60629E6147100CB5880 /* RailFinder.app */ = {isa = PBXFileReference; explicitFileType = wrapper.application; includeInIndex = 0; path = RailFinder.app; sourceTree = BUILT_PRODUCTS_DIR; };
		2D85F60929E6147100CB5880 /* RailFinderApp.swift */ = {isa = PBXFileReference; lastKnownFileType = sourcecode.swift; path = RailFinderApp.swift; sourceTree = "<group>"; };
		2D85F60D29E6147100CB5880 /* Assets.xcassets */ = {isa = PBXFileReference; lastKnownFileType = folder.assetcatalog; path = Assets.xcassets; sourceTree = "<group>"; };
		2D85F61029E6147100CB5880 /* Preview Assets.xcassets */ = {isa = PBXFileReference; lastKnownFileType = folder.assetcatalog; path = "Preview Assets.xcassets"; sourceTree = "<group>"; };
		2D85F61629E6147100CB5880 /* RailFinderTests.xctest */ = {isa = PBXFileReference; explicitFileType = wrapper.cfbundle; includeInIndex = 0; path = RailFinderTests.xctest; sourceTree = BUILT_PRODUCTS_DIR; };
		2D85F61A29E6147100CB5880 /* RailFinderTests.swift */ = {isa = PBXFileReference; lastKnownFileType = sourcecode.swift; path = RailFinderTests.swift; sourceTree = "<group>"; };
		2D85F62029E6147100CB5880 /* RailFinderUITests.xctest */ = {isa = PBXFileReference; explicitFileType = wrapper.cfbundle; includeInIndex = 0; path = RailFinderUITests.xctest; sourceTree = BUILT_PRODUCTS_DIR; };
		2D85F62429E6147100CB5880 /* RailFinderUITests.swift */ = {isa = PBXFileReference; lastKnownFileType = sourcecode.swift; path = RailFinderUITests.swift; sourceTree = "<group>"; };
		2D85F62629E6147100CB5880 /* RailFinderUITestsLaunchTests.swift */ = {isa = PBXFileReference; lastKnownFileType = sourcecode.swift; path = RailFinderUITestsLaunchTests.swift; sourceTree = "<group>"; };
		2DFE346129E763C800E07E52 /* NearestStationView.swift */ = {isa = PBXFileReference; lastKnownFileType = sourcecode.swift; path = NearestStationView.swift; sourceTree = "<group>"; };
/* End PBXFileReference section */

/* Begin PBXFrameworksBuildPhase section */
		2D27714329F3B60E009855F7 /* Frameworks */ = {
			isa = PBXFrameworksBuildPhase;
			buildActionMask = 2147483647;
			files = (
				2D27717829F3C387009855F7 /* Turf in Frameworks */,
			);
			runOnlyForDeploymentPostprocessing = 0;
		};
		2D27715229F3B60F009855F7 /* Frameworks */ = {
			isa = PBXFrameworksBuildPhase;
			buildActionMask = 2147483647;
			files = (
			);
			runOnlyForDeploymentPostprocessing = 0;
		};
		2D27715C29F3B60F009855F7 /* Frameworks */ = {
			isa = PBXFrameworksBuildPhase;
			buildActionMask = 2147483647;
			files = (
			);
			runOnlyForDeploymentPostprocessing = 0;
		};
		2D85F60329E6147100CB5880 /* Frameworks */ = {
			isa = PBXFrameworksBuildPhase;
			buildActionMask = 2147483647;
			files = (
				2D1C9D3629EA721100BE0781 /* Turf in Frameworks */,
			);
			runOnlyForDeploymentPostprocessing = 0;
		};
		2D85F61329E6147100CB5880 /* Frameworks */ = {
			isa = PBXFrameworksBuildPhase;
			buildActionMask = 2147483647;
			files = (
			);
			runOnlyForDeploymentPostprocessing = 0;
		};
		2D85F61D29E6147100CB5880 /* Frameworks */ = {
			isa = PBXFrameworksBuildPhase;
			buildActionMask = 2147483647;
			files = (
			);
			runOnlyForDeploymentPostprocessing = 0;
		};
/* End PBXFrameworksBuildPhase section */

/* Begin PBXGroup section */
		2D27714729F3B60E009855F7 /* Railfinder Watch App */ = {
			isa = PBXGroup;
			children = (
				2D27714829F3B60E009855F7 /* RailfinderApp.swift */,
				2D27714A29F3B60E009855F7 /* ContentView.swift */,
				2D27714C29F3B60F009855F7 /* Assets.xcassets */,
				2D27714E29F3B60F009855F7 /* Preview Content */,
			);
			path = "Railfinder Watch App";
			sourceTree = "<group>";
		};
		2D27714E29F3B60F009855F7 /* Preview Content */ = {
			isa = PBXGroup;
			children = (
				2D27714F29F3B60F009855F7 /* Preview Assets.xcassets */,
			);
			path = "Preview Content";
			sourceTree = "<group>";
		};
		2D27715829F3B60F009855F7 /* Railfinder Watch AppTests */ = {
			isa = PBXGroup;
			children = (
				2D27715929F3B60F009855F7 /* Railfinder_Watch_AppTests.swift */,
			);
			path = "Railfinder Watch AppTests";
			sourceTree = "<group>";
		};
		2D27716229F3B60F009855F7 /* Railfinder Watch AppUITests */ = {
			isa = PBXGroup;
			children = (
				2D27716329F3B60F009855F7 /* Railfinder_Watch_AppUITests.swift */,
				2D27716529F3B60F009855F7 /* Railfinder_Watch_AppUITestsLaunchTests.swift */,
			);
			path = "Railfinder Watch AppUITests";
			sourceTree = "<group>";
		};
		2D85F5FD29E6147100CB5880 = {
			isa = PBXGroup;
			children = (
				2D85F60829E6147100CB5880 /* RailFinder */,
				2D85F61929E6147100CB5880 /* RailFinderTests */,
				2D85F62329E6147100CB5880 /* RailFinderUITests */,
				2D27714729F3B60E009855F7 /* Railfinder Watch App */,
				2D27715829F3B60F009855F7 /* Railfinder Watch AppTests */,
				2D27716229F3B60F009855F7 /* Railfinder Watch AppUITests */,
				2D85F60729E6147100CB5880 /* Products */,
				2DD184A129EE000B00F55104 /* Frameworks */,
			);
			sourceTree = "<group>";
		};
		2D85F60729E6147100CB5880 /* Products */ = {
			isa = PBXGroup;
			children = (
				2D85F60629E6147100CB5880 /* RailFinder.app */,
				2D85F61629E6147100CB5880 /* RailFinderTests.xctest */,
				2D85F62029E6147100CB5880 /* RailFinderUITests.xctest */,
				2D27714629F3B60E009855F7 /* Railfinder Watch App.app */,
				2D27715529F3B60F009855F7 /* Railfinder Watch AppTests.xctest */,
				2D27715F29F3B60F009855F7 /* Railfinder Watch AppUITests.xctest */,
			);
			name = Products;
			sourceTree = "<group>";
		};
		2D85F60829E6147100CB5880 /* RailFinder */ = {
			isa = PBXGroup;
			children = (
				2D85F60929E6147100CB5880 /* RailFinderApp.swift */,
				2DFE346129E763C800E07E52 /* NearestStationView.swift */,
				2D1C9D4029EBBB1D00BE0781 /* Feature+Extensions.swift */,
				2D1C9D3929EA75D200BE0781 /* LocationManager.swift */,
				2D1C9D3729EA72E700BE0781 /* N02-20_Station.geojson */,
				2D85F60D29E6147100CB5880 /* Assets.xcassets */,
				2D85F60F29E6147100CB5880 /* Preview Content */,
			);
			path = RailFinder;
			sourceTree = "<group>";
		};
		2D85F60F29E6147100CB5880 /* Preview Content */ = {
			isa = PBXGroup;
			children = (
				2D85F61029E6147100CB5880 /* Preview Assets.xcassets */,
			);
			path = "Preview Content";
			sourceTree = "<group>";
		};
		2D85F61929E6147100CB5880 /* RailFinderTests */ = {
			isa = PBXGroup;
			children = (
				2D85F61A29E6147100CB5880 /* RailFinderTests.swift */,
			);
			path = RailFinderTests;
			sourceTree = "<group>";
		};
		2D85F62329E6147100CB5880 /* RailFinderUITests */ = {
			isa = PBXGroup;
			children = (
				2D85F62429E6147100CB5880 /* RailFinderUITests.swift */,
				2D85F62629E6147100CB5880 /* RailFinderUITestsLaunchTests.swift */,
			);
			path = RailFinderUITests;
			sourceTree = "<group>";
		};
		2DD184A129EE000B00F55104 /* Frameworks */ = {
			isa = PBXGroup;
			children = (
			);
			name = Frameworks;
			sourceTree = "<group>";
		};
/* End PBXGroup section */

/* Begin PBXNativeTarget section */
		2D27714529F3B60E009855F7 /* Railfinder Watch App */ = {
			isa = PBXNativeTarget;
			buildConfigurationList = 2D27716A29F3B60F009855F7 /* Build configuration list for PBXNativeTarget "Railfinder Watch App" */;
			buildPhases = (
				2D27714229F3B60E009855F7 /* Sources */,
				2D27714329F3B60E009855F7 /* Frameworks */,
				2D27714429F3B60E009855F7 /* Resources */,
			);
			buildRules = (
			);
			dependencies = (
			);
			name = "Railfinder Watch App";
			packageProductDependencies = (
				2D27717729F3C387009855F7 /* Turf */,
			);
			productName = "Railfinder Watch App";
			productReference = 2D27714629F3B60E009855F7 /* Railfinder Watch App.app */;
			productType = "com.apple.product-type.application";
		};
		2D27715429F3B60F009855F7 /* Railfinder Watch AppTests */ = {
			isa = PBXNativeTarget;
			buildConfigurationList = 2D27716D29F3B60F009855F7 /* Build configuration list for PBXNativeTarget "Railfinder Watch AppTests" */;
			buildPhases = (
				2D27715129F3B60F009855F7 /* Sources */,
				2D27715229F3B60F009855F7 /* Frameworks */,
				2D27715329F3B60F009855F7 /* Resources */,
			);
			buildRules = (
			);
			dependencies = (
				2D27715729F3B60F009855F7 /* PBXTargetDependency */,
			);
			name = "Railfinder Watch AppTests";
			productName = "Railfinder Watch AppTests";
			productReference = 2D27715529F3B60F009855F7 /* Railfinder Watch AppTests.xctest */;
			productType = "com.apple.product-type.bundle.unit-test";
		};
		2D27715E29F3B60F009855F7 /* Railfinder Watch AppUITests */ = {
			isa = PBXNativeTarget;
			buildConfigurationList = 2D27717029F3B60F009855F7 /* Build configuration list for PBXNativeTarget "Railfinder Watch AppUITests" */;
			buildPhases = (
				2D27715B29F3B60F009855F7 /* Sources */,
				2D27715C29F3B60F009855F7 /* Frameworks */,
				2D27715D29F3B60F009855F7 /* Resources */,
			);
			buildRules = (
			);
			dependencies = (
				2D27716129F3B60F009855F7 /* PBXTargetDependency */,
			);
			name = "Railfinder Watch AppUITests";
			productName = "Railfinder Watch AppUITests";
			productReference = 2D27715F29F3B60F009855F7 /* Railfinder Watch AppUITests.xctest */;
			productType = "com.apple.product-type.bundle.ui-testing";
		};
		2D85F60529E6147100CB5880 /* RailFinder */ = {
			isa = PBXNativeTarget;
			buildConfigurationList = 2D85F62A29E6147100CB5880 /* Build configuration list for PBXNativeTarget "RailFinder" */;
			buildPhases = (
				2D85F60229E6147100CB5880 /* Sources */,
				2D85F60329E6147100CB5880 /* Frameworks */,
				2D85F60429E6147100CB5880 /* Resources */,
				2DD1849329EDFB0600F55104 /* Embed Watch Content */,
			);
			buildRules = (
			);
			dependencies = (
				2D27716829F3B60F009855F7 /* PBXTargetDependency */,
			);
			name = RailFinder;
			packageProductDependencies = (
				2D1C9D3529EA721100BE0781 /* Turf */,
			);
			productName = RailFinder;
			productReference = 2D85F60629E6147100CB5880 /* RailFinder.app */;
			productType = "com.apple.product-type.application";
		};
		2D85F61529E6147100CB5880 /* RailFinderTests */ = {
			isa = PBXNativeTarget;
			buildConfigurationList = 2D85F62D29E6147100CB5880 /* Build configuration list for PBXNativeTarget "RailFinderTests" */;
			buildPhases = (
				2D85F61229E6147100CB5880 /* Sources */,
				2D85F61329E6147100CB5880 /* Frameworks */,
				2D85F61429E6147100CB5880 /* Resources */,
			);
			buildRules = (
			);
			dependencies = (
				2D85F61829E6147100CB5880 /* PBXTargetDependency */,
			);
			name = RailFinderTests;
			productName = RailFinderTests;
			productReference = 2D85F61629E6147100CB5880 /* RailFinderTests.xctest */;
			productType = "com.apple.product-type.bundle.unit-test";
		};
		2D85F61F29E6147100CB5880 /* RailFinderUITests */ = {
			isa = PBXNativeTarget;
			buildConfigurationList = 2D85F63029E6147100CB5880 /* Build configuration list for PBXNativeTarget "RailFinderUITests" */;
			buildPhases = (
				2D85F61C29E6147100CB5880 /* Sources */,
				2D85F61D29E6147100CB5880 /* Frameworks */,
				2D85F61E29E6147100CB5880 /* Resources */,
			);
			buildRules = (
			);
			dependencies = (
				2D85F62229E6147100CB5880 /* PBXTargetDependency */,
			);
			name = RailFinderUITests;
			productName = RailFinderUITests;
			productReference = 2D85F62029E6147100CB5880 /* RailFinderUITests.xctest */;
			productType = "com.apple.product-type.bundle.ui-testing";
		};
/* End PBXNativeTarget section */

/* Begin PBXProject section */
		2D85F5FE29E6147100CB5880 /* Project object */ = {
			isa = PBXProject;
			attributes = {
				BuildIndependentTargetsInParallel = 1;
				LastSwiftUpdateCheck = 1430;
				LastUpgradeCheck = 1430;
				TargetAttributes = {
					2D27714529F3B60E009855F7 = {
						CreatedOnToolsVersion = 14.3;
					};
					2D27715429F3B60F009855F7 = {
						CreatedOnToolsVersion = 14.3;
						TestTargetID = 2D27714529F3B60E009855F7;
					};
					2D27715E29F3B60F009855F7 = {
						CreatedOnToolsVersion = 14.3;
						TestTargetID = 2D27714529F3B60E009855F7;
					};
					2D85F60529E6147100CB5880 = {
						CreatedOnToolsVersion = 14.3;
					};
					2D85F61529E6147100CB5880 = {
						CreatedOnToolsVersion = 14.3;
						TestTargetID = 2D85F60529E6147100CB5880;
					};
					2D85F61F29E6147100CB5880 = {
						CreatedOnToolsVersion = 14.3;
						TestTargetID = 2D85F60529E6147100CB5880;
					};
				};
			};
			buildConfigurationList = 2D85F60129E6147100CB5880 /* Build configuration list for PBXProject "RailFinder" */;
			compatibilityVersion = "Xcode 14.0";
			developmentRegion = en;
			hasScannedForEncodings = 0;
			knownRegions = (
				en,
				Base,
			);
			mainGroup = 2D85F5FD29E6147100CB5880;
			packageReferences = (
				2D1C9D3429EA721100BE0781 /* XCRemoteSwiftPackageReference "turf-swift" */,
			);
			productRefGroup = 2D85F60729E6147100CB5880 /* Products */;
			projectDirPath = "";
			projectRoot = "";
			targets = (
				2D85F60529E6147100CB5880 /* RailFinder */,
				2D85F61529E6147100CB5880 /* RailFinderTests */,
				2D85F61F29E6147100CB5880 /* RailFinderUITests */,
				2D27714529F3B60E009855F7 /* Railfinder Watch App */,
				2D27715429F3B60F009855F7 /* Railfinder Watch AppTests */,
				2D27715E29F3B60F009855F7 /* Railfinder Watch AppUITests */,
			);
		};
/* End PBXProject section */

/* Begin PBXResourcesBuildPhase section */
		2D27714429F3B60E009855F7 /* Resources */ = {
			isa = PBXResourcesBuildPhase;
			buildActionMask = 2147483647;
			files = (
				2D27715029F3B60F009855F7 /* Preview Assets.xcassets in Resources */,
				2D27714D29F3B60F009855F7 /* Assets.xcassets in Resources */,
				2D27717629F3C36E009855F7 /* N02-20_Station.geojson in Resources */,
			);
			runOnlyForDeploymentPostprocessing = 0;
		};
		2D27715329F3B60F009855F7 /* Resources */ = {
			isa = PBXResourcesBuildPhase;
			buildActionMask = 2147483647;
			files = (
			);
			runOnlyForDeploymentPostprocessing = 0;
		};
		2D27715D29F3B60F009855F7 /* Resources */ = {
			isa = PBXResourcesBuildPhase;
			buildActionMask = 2147483647;
			files = (
			);
			runOnlyForDeploymentPostprocessing = 0;
		};
		2D85F60429E6147100CB5880 /* Resources */ = {
			isa = PBXResourcesBuildPhase;
			buildActionMask = 2147483647;
			files = (
				2D85F61129E6147100CB5880 /* Preview Assets.xcassets in Resources */,
				2D85F60E29E6147100CB5880 /* Assets.xcassets in Resources */,
				2D1C9D3829EA72E700BE0781 /* N02-20_Station.geojson in Resources */,
			);
			runOnlyForDeploymentPostprocessing = 0;
		};
		2D85F61429E6147100CB5880 /* Resources */ = {
			isa = PBXResourcesBuildPhase;
			buildActionMask = 2147483647;
			files = (
			);
			runOnlyForDeploymentPostprocessing = 0;
		};
		2D85F61E29E6147100CB5880 /* Resources */ = {
			isa = PBXResourcesBuildPhase;
			buildActionMask = 2147483647;
			files = (
			);
			runOnlyForDeploymentPostprocessing = 0;
		};
/* End PBXResourcesBuildPhase section */

/* Begin PBXSourcesBuildPhase section */
		2D27714229F3B60E009855F7 /* Sources */ = {
			isa = PBXSourcesBuildPhase;
			buildActionMask = 2147483647;
			files = (
				2D27714B29F3B60E009855F7 /* ContentView.swift in Sources */,
				2D27714929F3B60E009855F7 /* RailfinderApp.swift in Sources */,
				2D27717529F3C369009855F7 /* LocationManager.swift in Sources */,
				2D27717429F3C365009855F7 /* Feature+Extensions.swift in Sources */,
				2D27717329F3C360009855F7 /* NearestStationView.swift in Sources */,
			);
			runOnlyForDeploymentPostprocessing = 0;
		};
		2D27715129F3B60F009855F7 /* Sources */ = {
			isa = PBXSourcesBuildPhase;
			buildActionMask = 2147483647;
			files = (
				2D27715A29F3B60F009855F7 /* Railfinder_Watch_AppTests.swift in Sources */,
			);
			runOnlyForDeploymentPostprocessing = 0;
		};
		2D27715B29F3B60F009855F7 /* Sources */ = {
			isa = PBXSourcesBuildPhase;
			buildActionMask = 2147483647;
			files = (
				2D27716629F3B60F009855F7 /* Railfinder_Watch_AppUITestsLaunchTests.swift in Sources */,
				2D27716429F3B60F009855F7 /* Railfinder_Watch_AppUITests.swift in Sources */,
			);
			runOnlyForDeploymentPostprocessing = 0;
		};
		2D85F60229E6147100CB5880 /* Sources */ = {
			isa = PBXSourcesBuildPhase;
			buildActionMask = 2147483647;
			files = (
				2DFE346229E763C800E07E52 /* NearestStationView.swift in Sources */,
				2D85F60A29E6147100CB5880 /* RailFinderApp.swift in Sources */,
				2D1C9D4129EBBB1D00BE0781 /* Feature+Extensions.swift in Sources */,
				2D1C9D3A29EA75D200BE0781 /* LocationManager.swift in Sources */,
			);
			runOnlyForDeploymentPostprocessing = 0;
		};
		2D85F61229E6147100CB5880 /* Sources */ = {
			isa = PBXSourcesBuildPhase;
			buildActionMask = 2147483647;
			files = (
				2D85F61B29E6147100CB5880 /* RailFinderTests.swift in Sources */,
			);
			runOnlyForDeploymentPostprocessing = 0;
		};
		2D85F61C29E6147100CB5880 /* Sources */ = {
			isa = PBXSourcesBuildPhase;
			buildActionMask = 2147483647;
			files = (
				2D85F62729E6147100CB5880 /* RailFinderUITestsLaunchTests.swift in Sources */,
				2D85F62529E6147100CB5880 /* RailFinderUITests.swift in Sources */,
			);
			runOnlyForDeploymentPostprocessing = 0;
		};
/* End PBXSourcesBuildPhase section */

/* Begin PBXTargetDependency section */
		2D27715729F3B60F009855F7 /* PBXTargetDependency */ = {
			isa = PBXTargetDependency;
			target = 2D27714529F3B60E009855F7 /* Railfinder Watch App */;
			targetProxy = 2D27715629F3B60F009855F7 /* PBXContainerItemProxy */;
		};
		2D27716129F3B60F009855F7 /* PBXTargetDependency */ = {
			isa = PBXTargetDependency;
			target = 2D27714529F3B60E009855F7 /* Railfinder Watch App */;
			targetProxy = 2D27716029F3B60F009855F7 /* PBXContainerItemProxy */;
		};
		2D27716829F3B60F009855F7 /* PBXTargetDependency */ = {
			isa = PBXTargetDependency;
			target = 2D27714529F3B60E009855F7 /* Railfinder Watch App */;
			targetProxy = 2D27716729F3B60F009855F7 /* PBXContainerItemProxy */;
		};
		2D85F61829E6147100CB5880 /* PBXTargetDependency */ = {
			isa = PBXTargetDependency;
			target = 2D85F60529E6147100CB5880 /* RailFinder */;
			targetProxy = 2D85F61729E6147100CB5880 /* PBXContainerItemProxy */;
		};
		2D85F62229E6147100CB5880 /* PBXTargetDependency */ = {
			isa = PBXTargetDependency;
			target = 2D85F60529E6147100CB5880 /* RailFinder */;
			targetProxy = 2D85F62129E6147100CB5880 /* PBXContainerItemProxy */;
		};
/* End PBXTargetDependency section */

/* Begin XCBuildConfiguration section */
		2D27716B29F3B60F009855F7 /* Debug */ = {
			isa = XCBuildConfiguration;
			buildSettings = {
				ASSETCATALOG_COMPILER_APPICON_NAME = AppIcon;
				ASSETCATALOG_COMPILER_GLOBAL_ACCENT_COLOR_NAME = AccentColor;
				CODE_SIGN_IDENTITY = "Apple Development";
				CODE_SIGN_STYLE = Automatic;
				CURRENT_PROJECT_VERSION = 1;
				DEVELOPMENT_ASSET_PATHS = "\"Railfinder Watch App/Preview Content\"";
				DEVELOPMENT_TEAM = L3VU6Q2MZ6;
				ENABLE_PREVIEWS = YES;
				GENERATE_INFOPLIST_FILE = YES;
				INFOPLIST_KEY_CFBundleDisplayName = Railfinder;
				INFOPLIST_KEY_NSLocationWhenInUseUsageDescription = "アプリは現在地情報を使用して、最寄りの駅を検索します。";
				INFOPLIST_KEY_UISupportedInterfaceOrientations = "UIInterfaceOrientationPortrait UIInterfaceOrientationPortraitUpsideDown";
				INFOPLIST_KEY_WKCompanionAppBundleIdentifier = com.watahiki.RailFinder;
				LD_RUNPATH_SEARCH_PATHS = (
					"$(inherited)",
					"@executable_path/Frameworks",
				);
				MARKETING_VERSION = 1.0;
				PRODUCT_BUNDLE_IDENTIFIER = com.watahiki.RailFinder.watchkitapp;
				PRODUCT_NAME = "$(TARGET_NAME)";
				SDKROOT = watchos;
				SKIP_INSTALL = YES;
				SWIFT_EMIT_LOC_STRINGS = YES;
				SWIFT_VERSION = 5.0;
				TARGETED_DEVICE_FAMILY = 4;
				WATCHOS_DEPLOYMENT_TARGET = 9.0;
			};
			name = Debug;
		};
		2D27716C29F3B60F009855F7 /* Release */ = {
			isa = XCBuildConfiguration;
			buildSettings = {
				ASSETCATALOG_COMPILER_APPICON_NAME = AppIcon;
				ASSETCATALOG_COMPILER_GLOBAL_ACCENT_COLOR_NAME = AccentColor;
				CODE_SIGN_IDENTITY = "Apple Development";
				CODE_SIGN_STYLE = Automatic;
				CURRENT_PROJECT_VERSION = 1;
				DEVELOPMENT_ASSET_PATHS = "\"Railfinder Watch App/Preview Content\"";
				DEVELOPMENT_TEAM = L3VU6Q2MZ6;
				ENABLE_PREVIEWS = YES;
				GENERATE_INFOPLIST_FILE = YES;
				INFOPLIST_KEY_CFBundleDisplayName = Railfinder;
				INFOPLIST_KEY_NSLocationWhenInUseUsageDescription = "アプリは現在地情報を使用して、最寄りの駅を検索します。";
				INFOPLIST_KEY_UISupportedInterfaceOrientations = "UIInterfaceOrientationPortrait UIInterfaceOrientationPortraitUpsideDown";
				INFOPLIST_KEY_WKCompanionAppBundleIdentifier = com.watahiki.RailFinder;
				LD_RUNPATH_SEARCH_PATHS = (
					"$(inherited)",
					"@executable_path/Frameworks",
				);
				MARKETING_VERSION = 1.0;
				PRODUCT_BUNDLE_IDENTIFIER = com.watahiki.RailFinder.watchkitapp;
				PRODUCT_NAME = "$(TARGET_NAME)";
				SDKROOT = watchos;
				SKIP_INSTALL = YES;
				SWIFT_EMIT_LOC_STRINGS = YES;
				SWIFT_VERSION = 5.0;
				TARGETED_DEVICE_FAMILY = 4;
				WATCHOS_DEPLOYMENT_TARGET = 9.0;
			};
			name = Release;
		};
		2D27716E29F3B60F009855F7 /* Debug */ = {
			isa = XCBuildConfiguration;
			buildSettings = {
				ALWAYS_EMBED_SWIFT_STANDARD_LIBRARIES = YES;
				BUNDLE_LOADER = "$(TEST_HOST)";
				CODE_SIGN_STYLE = Automatic;
				CURRENT_PROJECT_VERSION = 1;
				DEVELOPMENT_TEAM = L3VU6Q2MZ6;
				GENERATE_INFOPLIST_FILE = YES;
				MARKETING_VERSION = 1.0;
				PRODUCT_BUNDLE_IDENTIFIER = "com.watahiki.Railfinder-Watch-AppTests";
				PRODUCT_NAME = "$(TARGET_NAME)";
				SDKROOT = watchos;
				SWIFT_EMIT_LOC_STRINGS = NO;
				SWIFT_VERSION = 5.0;
				TARGETED_DEVICE_FAMILY = 4;
				TEST_HOST = "$(BUILT_PRODUCTS_DIR)/Railfinder Watch App.app/$(BUNDLE_EXECUTABLE_FOLDER_PATH)/Railfinder Watch App";
				WATCHOS_DEPLOYMENT_TARGET = 9.4;
			};
			name = Debug;
		};
		2D27716F29F3B60F009855F7 /* Release */ = {
			isa = XCBuildConfiguration;
			buildSettings = {
				ALWAYS_EMBED_SWIFT_STANDARD_LIBRARIES = YES;
				BUNDLE_LOADER = "$(TEST_HOST)";
				CODE_SIGN_STYLE = Automatic;
				CURRENT_PROJECT_VERSION = 1;
				DEVELOPMENT_TEAM = L3VU6Q2MZ6;
				GENERATE_INFOPLIST_FILE = YES;
				MARKETING_VERSION = 1.0;
				PRODUCT_BUNDLE_IDENTIFIER = "com.watahiki.Railfinder-Watch-AppTests";
				PRODUCT_NAME = "$(TARGET_NAME)";
				SDKROOT = watchos;
				SWIFT_EMIT_LOC_STRINGS = NO;
				SWIFT_VERSION = 5.0;
				TARGETED_DEVICE_FAMILY = 4;
				TEST_HOST = "$(BUILT_PRODUCTS_DIR)/Railfinder Watch App.app/$(BUNDLE_EXECUTABLE_FOLDER_PATH)/Railfinder Watch App";
				WATCHOS_DEPLOYMENT_TARGET = 9.4;
			};
			name = Release;
		};
		2D27717129F3B60F009855F7 /* Debug */ = {
			isa = XCBuildConfiguration;
			buildSettings = {
				ALWAYS_EMBED_SWIFT_STANDARD_LIBRARIES = YES;
				CODE_SIGN_STYLE = Automatic;
				CURRENT_PROJECT_VERSION = 1;
				DEVELOPMENT_TEAM = L3VU6Q2MZ6;
				GENERATE_INFOPLIST_FILE = YES;
				MARKETING_VERSION = 1.0;
				PRODUCT_BUNDLE_IDENTIFIER = "com.watahiki.Railfinder-Watch-AppUITests";
				PRODUCT_NAME = "$(TARGET_NAME)";
				SDKROOT = watchos;
				SWIFT_EMIT_LOC_STRINGS = NO;
				SWIFT_VERSION = 5.0;
				TARGETED_DEVICE_FAMILY = 4;
				TEST_TARGET_NAME = "Railfinder Watch App";
				WATCHOS_DEPLOYMENT_TARGET = 9.4;
			};
			name = Debug;
		};
		2D27717229F3B60F009855F7 /* Release */ = {
			isa = XCBuildConfiguration;
			buildSettings = {
				ALWAYS_EMBED_SWIFT_STANDARD_LIBRARIES = YES;
				CODE_SIGN_STYLE = Automatic;
				CURRENT_PROJECT_VERSION = 1;
				DEVELOPMENT_TEAM = L3VU6Q2MZ6;
				GENERATE_INFOPLIST_FILE = YES;
				MARKETING_VERSION = 1.0;
				PRODUCT_BUNDLE_IDENTIFIER = "com.watahiki.Railfinder-Watch-AppUITests";
				PRODUCT_NAME = "$(TARGET_NAME)";
				SDKROOT = watchos;
				SWIFT_EMIT_LOC_STRINGS = NO;
				SWIFT_VERSION = 5.0;
				TARGETED_DEVICE_FAMILY = 4;
				TEST_TARGET_NAME = "Railfinder Watch App";
				WATCHOS_DEPLOYMENT_TARGET = 9.4;
			};
			name = Release;
		};
		2D85F62829E6147100CB5880 /* Debug */ = {
			isa = XCBuildConfiguration;
			buildSettings = {
				ALWAYS_SEARCH_USER_PATHS = NO;
				CLANG_ANALYZER_NONNULL = YES;
				CLANG_ANALYZER_NUMBER_OBJECT_CONVERSION = YES_AGGRESSIVE;
				CLANG_CXX_LANGUAGE_STANDARD = "gnu++20";
				CLANG_ENABLE_MODULES = YES;
				CLANG_ENABLE_OBJC_ARC = YES;
				CLANG_ENABLE_OBJC_WEAK = YES;
				CLANG_WARN_BLOCK_CAPTURE_AUTORELEASING = YES;
				CLANG_WARN_BOOL_CONVERSION = YES;
				CLANG_WARN_COMMA = YES;
				CLANG_WARN_CONSTANT_CONVERSION = YES;
				CLANG_WARN_DEPRECATED_OBJC_IMPLEMENTATIONS = YES;
				CLANG_WARN_DIRECT_OBJC_ISA_USAGE = YES_ERROR;
				CLANG_WARN_DOCUMENTATION_COMMENTS = YES;
				CLANG_WARN_EMPTY_BODY = YES;
				CLANG_WARN_ENUM_CONVERSION = YES;
				CLANG_WARN_INFINITE_RECURSION = YES;
				CLANG_WARN_INT_CONVERSION = YES;
				CLANG_WARN_NON_LITERAL_NULL_CONVERSION = YES;
				CLANG_WARN_OBJC_IMPLICIT_RETAIN_SELF = YES;
				CLANG_WARN_OBJC_LITERAL_CONVERSION = YES;
				CLANG_WARN_OBJC_ROOT_CLASS = YES_ERROR;
				CLANG_WARN_QUOTED_INCLUDE_IN_FRAMEWORK_HEADER = YES;
				CLANG_WARN_RANGE_LOOP_ANALYSIS = YES;
				CLANG_WARN_STRICT_PROTOTYPES = YES;
				CLANG_WARN_SUSPICIOUS_MOVE = YES;
				CLANG_WARN_UNGUARDED_AVAILABILITY = YES_AGGRESSIVE;
				CLANG_WARN_UNREACHABLE_CODE = YES;
				CLANG_WARN__DUPLICATE_METHOD_MATCH = YES;
				COPY_PHASE_STRIP = NO;
				DEBUG_INFORMATION_FORMAT = dwarf;
				ENABLE_STRICT_OBJC_MSGSEND = YES;
				ENABLE_TESTABILITY = YES;
				GCC_C_LANGUAGE_STANDARD = gnu11;
				GCC_DYNAMIC_NO_PIC = NO;
				GCC_NO_COMMON_BLOCKS = YES;
				GCC_OPTIMIZATION_LEVEL = 0;
				GCC_PREPROCESSOR_DEFINITIONS = (
					"DEBUG=1",
					"$(inherited)",
				);
				GCC_WARN_64_TO_32_BIT_CONVERSION = YES;
				GCC_WARN_ABOUT_RETURN_TYPE = YES_ERROR;
				GCC_WARN_UNDECLARED_SELECTOR = YES;
				GCC_WARN_UNINITIALIZED_AUTOS = YES_AGGRESSIVE;
				GCC_WARN_UNUSED_FUNCTION = YES;
				GCC_WARN_UNUSED_VARIABLE = YES;
				IPHONEOS_DEPLOYMENT_TARGET = 16.0;
				MTL_ENABLE_DEBUG_INFO = INCLUDE_SOURCE;
				MTL_FAST_MATH = YES;
				ONLY_ACTIVE_ARCH = YES;
				SDKROOT = iphoneos;
				SWIFT_ACTIVE_COMPILATION_CONDITIONS = DEBUG;
				SWIFT_OPTIMIZATION_LEVEL = "-Onone";
			};
			name = Debug;
		};
		2D85F62929E6147100CB5880 /* Release */ = {
			isa = XCBuildConfiguration;
			buildSettings = {
				ALWAYS_SEARCH_USER_PATHS = NO;
				CLANG_ANALYZER_NONNULL = YES;
				CLANG_ANALYZER_NUMBER_OBJECT_CONVERSION = YES_AGGRESSIVE;
				CLANG_CXX_LANGUAGE_STANDARD = "gnu++20";
				CLANG_ENABLE_MODULES = YES;
				CLANG_ENABLE_OBJC_ARC = YES;
				CLANG_ENABLE_OBJC_WEAK = YES;
				CLANG_WARN_BLOCK_CAPTURE_AUTORELEASING = YES;
				CLANG_WARN_BOOL_CONVERSION = YES;
				CLANG_WARN_COMMA = YES;
				CLANG_WARN_CONSTANT_CONVERSION = YES;
				CLANG_WARN_DEPRECATED_OBJC_IMPLEMENTATIONS = YES;
				CLANG_WARN_DIRECT_OBJC_ISA_USAGE = YES_ERROR;
				CLANG_WARN_DOCUMENTATION_COMMENTS = YES;
				CLANG_WARN_EMPTY_BODY = YES;
				CLANG_WARN_ENUM_CONVERSION = YES;
				CLANG_WARN_INFINITE_RECURSION = YES;
				CLANG_WARN_INT_CONVERSION = YES;
				CLANG_WARN_NON_LITERAL_NULL_CONVERSION = YES;
				CLANG_WARN_OBJC_IMPLICIT_RETAIN_SELF = YES;
				CLANG_WARN_OBJC_LITERAL_CONVERSION = YES;
				CLANG_WARN_OBJC_ROOT_CLASS = YES_ERROR;
				CLANG_WARN_QUOTED_INCLUDE_IN_FRAMEWORK_HEADER = YES;
				CLANG_WARN_RANGE_LOOP_ANALYSIS = YES;
				CLANG_WARN_STRICT_PROTOTYPES = YES;
				CLANG_WARN_SUSPICIOUS_MOVE = YES;
				CLANG_WARN_UNGUARDED_AVAILABILITY = YES_AGGRESSIVE;
				CLANG_WARN_UNREACHABLE_CODE = YES;
				CLANG_WARN__DUPLICATE_METHOD_MATCH = YES;
				COPY_PHASE_STRIP = NO;
				DEBUG_INFORMATION_FORMAT = "dwarf-with-dsym";
				ENABLE_NS_ASSERTIONS = NO;
				ENABLE_STRICT_OBJC_MSGSEND = YES;
				GCC_C_LANGUAGE_STANDARD = gnu11;
				GCC_NO_COMMON_BLOCKS = YES;
				GCC_WARN_64_TO_32_BIT_CONVERSION = YES;
				GCC_WARN_ABOUT_RETURN_TYPE = YES_ERROR;
				GCC_WARN_UNDECLARED_SELECTOR = YES;
				GCC_WARN_UNINITIALIZED_AUTOS = YES_AGGRESSIVE;
				GCC_WARN_UNUSED_FUNCTION = YES;
				GCC_WARN_UNUSED_VARIABLE = YES;
				IPHONEOS_DEPLOYMENT_TARGET = 16.0;
				MTL_ENABLE_DEBUG_INFO = NO;
				MTL_FAST_MATH = YES;
				SDKROOT = iphoneos;
				SWIFT_COMPILATION_MODE = wholemodule;
				SWIFT_OPTIMIZATION_LEVEL = "-O";
				VALIDATE_PRODUCT = YES;
			};
			name = Release;
		};
		2D85F62B29E6147100CB5880 /* Debug */ = {
			isa = XCBuildConfiguration;
			buildSettings = {
				ALWAYS_EMBED_SWIFT_STANDARD_LIBRARIES = YES;
				ASSETCATALOG_COMPILER_APPICON_NAME = AppIcon;
				ASSETCATALOG_COMPILER_GLOBAL_ACCENT_COLOR_NAME = AccentColor;
				CODE_SIGN_IDENTITY = "Apple Development";
				CODE_SIGN_STYLE = Automatic;
				CURRENT_PROJECT_VERSION = 1;
				DEVELOPMENT_ASSET_PATHS = "\"RailFinder/Preview Content\"";
				DEVELOPMENT_TEAM = L3VU6Q2MZ6;
				ENABLE_PREVIEWS = YES;
				GENERATE_INFOPLIST_FILE = YES;
				INFOPLIST_KEY_NSLocationWhenInUseUsageDescription = "アプリは現在地情報を使用して、最寄りの駅を検索します。";
				INFOPLIST_KEY_UIApplicationSceneManifest_Generation = YES;
				INFOPLIST_KEY_UIApplicationSupportsIndirectInputEvents = YES;
				INFOPLIST_KEY_UILaunchScreen_Generation = YES;
				INFOPLIST_KEY_UISupportedInterfaceOrientations_iPad = "UIInterfaceOrientationPortrait UIInterfaceOrientationPortraitUpsideDown UIInterfaceOrientationLandscapeLeft UIInterfaceOrientationLandscapeRight";
				INFOPLIST_KEY_UISupportedInterfaceOrientations_iPhone = "UIInterfaceOrientationPortrait UIInterfaceOrientationLandscapeLeft UIInterfaceOrientationLandscapeRight";
				LD_RUNPATH_SEARCH_PATHS = (
					"$(inherited)",
					"@executable_path/Frameworks",
				);
				MARKETING_VERSION = 1.0;
				PRODUCT_BUNDLE_IDENTIFIER = com.watahiki.RailFinder;
				PRODUCT_NAME = "$(TARGET_NAME)";
				PROVISIONING_PROFILE_SPECIFIER = "";
				SWIFT_EMIT_LOC_STRINGS = YES;
				SWIFT_VERSION = 5.0;
				TARGETED_DEVICE_FAMILY = "1,2,4";
			};
			name = Debug;
		};
		2D85F62C29E6147100CB5880 /* Release */ = {
			isa = XCBuildConfiguration;
			buildSettings = {
				ALWAYS_EMBED_SWIFT_STANDARD_LIBRARIES = YES;
				ASSETCATALOG_COMPILER_APPICON_NAME = AppIcon;
				ASSETCATALOG_COMPILER_GLOBAL_ACCENT_COLOR_NAME = AccentColor;
				CODE_SIGN_IDENTITY = "Apple Development";
				CODE_SIGN_STYLE = Automatic;
				CURRENT_PROJECT_VERSION = 1;
				DEVELOPMENT_ASSET_PATHS = "\"RailFinder/Preview Content\"";
				DEVELOPMENT_TEAM = L3VU6Q2MZ6;
				ENABLE_PREVIEWS = YES;
				GENERATE_INFOPLIST_FILE = YES;
				INFOPLIST_KEY_NSLocationWhenInUseUsageDescription = "アプリは現在地情報を使用して、最寄りの駅を検索します。";
				INFOPLIST_KEY_UIApplicationSceneManifest_Generation = YES;
				INFOPLIST_KEY_UIApplicationSupportsIndirectInputEvents = YES;
				INFOPLIST_KEY_UILaunchScreen_Generation = YES;
				INFOPLIST_KEY_UISupportedInterfaceOrientations_iPad = "UIInterfaceOrientationPortrait UIInterfaceOrientationPortraitUpsideDown UIInterfaceOrientationLandscapeLeft UIInterfaceOrientationLandscapeRight";
				INFOPLIST_KEY_UISupportedInterfaceOrientations_iPhone = "UIInterfaceOrientationPortrait UIInterfaceOrientationLandscapeLeft UIInterfaceOrientationLandscapeRight";
				LD_RUNPATH_SEARCH_PATHS = (
					"$(inherited)",
					"@executable_path/Frameworks",
				);
				MARKETING_VERSION = 1.0;
				PRODUCT_BUNDLE_IDENTIFIER = com.watahiki.RailFinder;
				PRODUCT_NAME = "$(TARGET_NAME)";
				PROVISIONING_PROFILE_SPECIFIER = "";
				SWIFT_EMIT_LOC_STRINGS = YES;
				SWIFT_VERSION = 5.0;
				TARGETED_DEVICE_FAMILY = "1,2,4";
			};
			name = Release;
		};
		2D85F62E29E6147100CB5880 /* Debug */ = {
			isa = XCBuildConfiguration;
			buildSettings = {
				ALWAYS_EMBED_SWIFT_STANDARD_LIBRARIES = YES;
				BUNDLE_LOADER = "$(TEST_HOST)";
				CODE_SIGN_STYLE = Automatic;
				CURRENT_PROJECT_VERSION = 1;
				DEVELOPMENT_TEAM = L3VU6Q2MZ6;
				GENERATE_INFOPLIST_FILE = YES;
				IPHONEOS_DEPLOYMENT_TARGET = 16.4;
				MARKETING_VERSION = 1.0;
				PRODUCT_BUNDLE_IDENTIFIER = watahiki.com.RailFinderTests;
				PRODUCT_NAME = "$(TARGET_NAME)";
				SWIFT_EMIT_LOC_STRINGS = NO;
				SWIFT_VERSION = 5.0;
				TARGETED_DEVICE_FAMILY = "1,2";
				TEST_HOST = "$(BUILT_PRODUCTS_DIR)/RailFinder.app/$(BUNDLE_EXECUTABLE_FOLDER_PATH)/RailFinder";
			};
			name = Debug;
		};
		2D85F62F29E6147100CB5880 /* Release */ = {
			isa = XCBuildConfiguration;
			buildSettings = {
				ALWAYS_EMBED_SWIFT_STANDARD_LIBRARIES = YES;
				BUNDLE_LOADER = "$(TEST_HOST)";
				CODE_SIGN_STYLE = Automatic;
				CURRENT_PROJECT_VERSION = 1;
				DEVELOPMENT_TEAM = L3VU6Q2MZ6;
				GENERATE_INFOPLIST_FILE = YES;
				IPHONEOS_DEPLOYMENT_TARGET = 16.4;
				MARKETING_VERSION = 1.0;
				PRODUCT_BUNDLE_IDENTIFIER = watahiki.com.RailFinderTests;
				PRODUCT_NAME = "$(TARGET_NAME)";
				SWIFT_EMIT_LOC_STRINGS = NO;
				SWIFT_VERSION = 5.0;
				TARGETED_DEVICE_FAMILY = "1,2";
				TEST_HOST = "$(BUILT_PRODUCTS_DIR)/RailFinder.app/$(BUNDLE_EXECUTABLE_FOLDER_PATH)/RailFinder";
			};
			name = Release;
		};
		2D85F63129E6147100CB5880 /* Debug */ = {
			isa = XCBuildConfiguration;
			buildSettings = {
				ALWAYS_EMBED_SWIFT_STANDARD_LIBRARIES = YES;
				CODE_SIGN_STYLE = Automatic;
				CURRENT_PROJECT_VERSION = 1;
				DEVELOPMENT_TEAM = L3VU6Q2MZ6;
				GENERATE_INFOPLIST_FILE = YES;
				MARKETING_VERSION = 1.0;
				PRODUCT_BUNDLE_IDENTIFIER = watahiki.com.RailFinderUITests;
				PRODUCT_NAME = "$(TARGET_NAME)";
				SWIFT_EMIT_LOC_STRINGS = NO;
				SWIFT_VERSION = 5.0;
				TARGETED_DEVICE_FAMILY = "1,2";
				TEST_TARGET_NAME = RailFinder;
			};
			name = Debug;
		};
		2D85F63229E6147100CB5880 /* Release */ = {
			isa = XCBuildConfiguration;
			buildSettings = {
				ALWAYS_EMBED_SWIFT_STANDARD_LIBRARIES = YES;
				CODE_SIGN_STYLE = Automatic;
				CURRENT_PROJECT_VERSION = 1;
				DEVELOPMENT_TEAM = L3VU6Q2MZ6;
				GENERATE_INFOPLIST_FILE = YES;
				MARKETING_VERSION = 1.0;
				PRODUCT_BUNDLE_IDENTIFIER = watahiki.com.RailFinderUITests;
				PRODUCT_NAME = "$(TARGET_NAME)";
				SWIFT_EMIT_LOC_STRINGS = NO;
				SWIFT_VERSION = 5.0;
				TARGETED_DEVICE_FAMILY = "1,2";
				TEST_TARGET_NAME = RailFinder;
			};
			name = Release;
		};
/* End XCBuildConfiguration section */

/* Begin XCConfigurationList section */
		2D27716A29F3B60F009855F7 /* Build configuration list for PBXNativeTarget "Railfinder Watch App" */ = {
			isa = XCConfigurationList;
			buildConfigurations = (
				2D27716B29F3B60F009855F7 /* Debug */,
				2D27716C29F3B60F009855F7 /* Release */,
			);
			defaultConfigurationIsVisible = 0;
			defaultConfigurationName = Release;
		};
		2D27716D29F3B60F009855F7 /* Build configuration list for PBXNativeTarget "Railfinder Watch AppTests" */ = {
			isa = XCConfigurationList;
			buildConfigurations = (
				2D27716E29F3B60F009855F7 /* Debug */,
				2D27716F29F3B60F009855F7 /* Release */,
			);
			defaultConfigurationIsVisible = 0;
			defaultConfigurationName = Release;
		};
		2D27717029F3B60F009855F7 /* Build configuration list for PBXNativeTarget "Railfinder Watch AppUITests" */ = {
			isa = XCConfigurationList;
			buildConfigurations = (
				2D27717129F3B60F009855F7 /* Debug */,
				2D27717229F3B60F009855F7 /* Release */,
			);
			defaultConfigurationIsVisible = 0;
			defaultConfigurationName = Release;
		};
		2D85F60129E6147100CB5880 /* Build configuration list for PBXProject "RailFinder" */ = {
			isa = XCConfigurationList;
			buildConfigurations = (
				2D85F62829E6147100CB5880 /* Debug */,
				2D85F62929E6147100CB5880 /* Release */,
			);
			defaultConfigurationIsVisible = 0;
			defaultConfigurationName = Release;
		};
		2D85F62A29E6147100CB5880 /* Build configuration list for PBXNativeTarget "RailFinder" */ = {
			isa = XCConfigurationList;
			buildConfigurations = (
				2D85F62B29E6147100CB5880 /* Debug */,
				2D85F62C29E6147100CB5880 /* Release */,
			);
			defaultConfigurationIsVisible = 0;
			defaultConfigurationName = Release;
		};
		2D85F62D29E6147100CB5880 /* Build configuration list for PBXNativeTarget "RailFinderTests" */ = {
			isa = XCConfigurationList;
			buildConfigurations = (
				2D85F62E29E6147100CB5880 /* Debug */,
				2D85F62F29E6147100CB5880 /* Release */,
			);
			defaultConfigurationIsVisible = 0;
			defaultConfigurationName = Release;
		};
		2D85F63029E6147100CB5880 /* Build configuration list for PBXNativeTarget "RailFinderUITests" */ = {
			isa = XCConfigurationList;
			buildConfigurations = (
				2D85F63129E6147100CB5880 /* Debug */,
				2D85F63229E6147100CB5880 /* Release */,
			);
			defaultConfigurationIsVisible = 0;
			defaultConfigurationName = Release;
		};
/* End XCConfigurationList section */

/* Begin XCRemoteSwiftPackageReference section */
		2D1C9D3429EA721100BE0781 /* XCRemoteSwiftPackageReference "turf-swift" */ = {
			isa = XCRemoteSwiftPackageReference;
			repositoryURL = "https://github.com/mapbox/turf-swift.git";
			requirement = {
				branch = main;
				kind = branch;
			};
		};
/* End XCRemoteSwiftPackageReference section */

/* Begin XCSwiftPackageProductDependency section */
		2D1C9D3529EA721100BE0781 /* Turf */ = {
			isa = XCSwiftPackageProductDependency;
			package = 2D1C9D3429EA721100BE0781 /* XCRemoteSwiftPackageReference "turf-swift" */;
			productName = Turf;
		};
		2D27717729F3C387009855F7 /* Turf */ = {
			isa = XCSwiftPackageProductDependency;
			package = 2D1C9D3429EA721100BE0781 /* XCRemoteSwiftPackageReference "turf-swift" */;
			productName = Turf;
		};
/* End XCSwiftPackageProductDependency section */
	};
	rootObject = 2D85F5FE29E6147100CB5880 /* Project object */;
}
